{
    "_readme": [
        "This file locks the dependencies of your project to a known state",
        "Read more about it at https://getcomposer.org/doc/01-basic-usage.md#installing-dependencies",
        "This file is @generated automatically"
    ],
    "content-hash": "5f1b2475d422873906a0a9ddb0563569",
    "packages": [
        {
            "name": "shuchkin/simplexls",
            "version": "0.10.4",
            "source": {
                "type": "git",
                "url": "https://github.com/shuchkin/simplexls.git",
                "reference": "a2fe44c4b97c5fc7cec5ddda85b4b5d9a906f1a1"
            },
            "dist": {
                "type": "zip",
                "url": "https://api.github.com/repos/shuchkin/simplexls/zipball/a2fe44c4b97c5fc7cec5ddda85b4b5d9a906f1a1",
                "reference": "a2fe44c4b97c5fc7cec5ddda85b4b5d9a906f1a1",
                "shasum": ""
            },
            "require": {
                "ext-mbstring": "*"
            },
            "type": "library",
            "autoload": {
                "classmap": [
                    "src/SimpleXLS.php"
                ]
            },
            "notification-url": "https://packagist.org/downloads/",
            "license": [
                "MIT"
            ],
            "authors": [
                {
                    "name": "Sergey Shuchkin (SMSPILOT)",
                    "email": "sergey.shuchkin@gmail.com",
                    "homepage": "http://www.shuchkin.ru/"
                }
            ],
            "description": "Parse and retrieve data from old format Excel XLS files. MS Excel 97 workbooks PHP reader.",
            "homepage": "https://github.com/shuchkin/simplexls",
            "keywords": [
                "backend",
                "excel",
                "parser",
                "php",
                "xls"
            ],
            "support": {
                "issues": "https://github.com/shuchkin/simplexls/issues",
                "source": "https://github.com/shuchkin/simplexls/tree/0.10.4"
            },
            "time": "2023-11-13T12:44:10+00:00"
        }
    ],
    "packages-dev": [],
    "aliases": [],
    "minimum-stability": "stable",
    "stability-flags": [],
    "prefer-stable": false,
    "prefer-lowest": false,
    "platform": [],
    "platform-dev": [],
    "plugin-api-version": "2.6.0"
}
